// !$*UTF8*$!
{
	archiveVersion = 1;
	classes = {
	};
	objectVersion = 46;
	objects = {

/* Begin PBXBuildFile section */
		343B2AF11D0AD2FF007C12ED /* libWeChatSDK.a in Frameworks */ = {isa = PBXBuildFile; fileRef = 343B2AEB1D0AD2FF007C12ED /* libWeChatSDK.a */; };
		343B2AF21D0AD2FF007C12ED /* WeChatActivityGeneral.swift in Sources */ = {isa = PBXBuildFile; fileRef = 343B2AEE1D0AD2FF007C12ED /* WeChatActivityGeneral.swift */; };
		343B2AF31D0AD2FF007C12ED /* WeChatMomentsActivity.swift in Sources */ = {isa = PBXBuildFile; fileRef = 343B2AEF1D0AD2FF007C12ED /* WeChatMomentsActivity.swift */; };
		343B2AF41D0AD2FF007C12ED /* WeChatSessionActivity.swift in Sources */ = {isa = PBXBuildFile; fileRef = 343B2AF01D0AD2FF007C12ED /* WeChatSessionActivity.swift */; };
		343B2AF61D0AD39C007C12ED /* CoreGraphics.framework in Frameworks */ = {isa = PBXBuildFile; fileRef = 343B2AF51D0AD39C007C12ED /* CoreGraphics.framework */; };
		764681CF1CE7270600E66ED0 /* EXBModel.swift in Sources */ = {isa = PBXBuildFile; fileRef = 764681CE1CE7270600E66ED0 /* EXBModel.swift */; };
		764681D11CE7636100E66ED0 /* EXBCellScrollDelegate.swift in Sources */ = {isa = PBXBuildFile; fileRef = 764681D01CE7636100E66ED0 /* EXBCellScrollDelegate.swift */; };
		764681D41CE7800B00E66ED0 /* DetailViewController.swift in Sources */ = {isa = PBXBuildFile; fileRef = 764681D31CE7800B00E66ED0 /* DetailViewController.swift */; };
		76516D7C1D091C8A003CB40E /* Localizable.strings in Resources */ = {isa = PBXBuildFile; fileRef = 76516D7E1D091C8A003CB40E /* Localizable.strings */; };
		76516D8B1D0923BA003CB40E /* 保利十年·现当代艺术秋季拍卖会.png in Resources */ = {isa = PBXBuildFile; fileRef = 76516D811D0923BA003CB40E /* 保利十年·现当代艺术秋季拍卖会.png */; };
		76516D8C1D0923BA003CB40E /* 瓯江草堂——海上画派精品展.png in Resources */ = {isa = PBXBuildFile; fileRef = 76516D821D0923BA003CB40E /* 瓯江草堂——海上画派精品展.png */; };
		76516D8D1D0923BA003CB40E /* 万物生——姥姥家与博斯的乐园.png in Resources */ = {isa = PBXBuildFile; fileRef = 76516D831D0923BA003CB40E /* 万物生——姥姥家与博斯的乐园.png */; };
		76516D8E1D0923BA003CB40E /* 幻真的宇宙——2013威尼斯钟飙艺术现场.png in Resources */ = {isa = PBXBuildFile; fileRef = 76516D841D0923BA003CB40E /* 幻真的宇宙——2013威尼斯钟飙艺术现场.png */; };
		76516D8F1D0923BA003CB40E /* 徐冰台北回顾展.png in Resources */ = {isa = PBXBuildFile; fileRef = 76516D851D0923BA003CB40E /* 徐冰台北回顾展.png */; };
		76516D901D0923BA003CB40E /* 杉本博司.png in Resources */ = {isa = PBXBuildFile; fileRef = 76516D861D0923BA003CB40E /* 杉本博司.png */; };
		76516D911D0923BA003CB40E /* 第二届《诗书画》年度展——西湖.png in Resources */ = {isa = PBXBuildFile; fileRef = 76516D871D0923BA003CB40E /* 第二届《诗书画》年度展——西湖.png */; };
		76516D921D0923BA003CB40E /* 自在途程——靳尚谊油画语言研究展.png in Resources */ = {isa = PBXBuildFile; fileRef = 76516D881D0923BA003CB40E /* 自在途程——靳尚谊油画语言研究展.png */; };
		76516D931D0923BA003CB40E /* 艾未未.png in Resources */ = {isa = PBXBuildFile; fileRef = 76516D891D0923BA003CB40E /* 艾未未.png */; };
		76516D941D0923BA003CB40E /* 道行之而成·潘公凯作品展.png in Resources */ = {isa = PBXBuildFile; fileRef = 76516D8A1D0923BA003CB40E /* 道行之而成·潘公凯作品展.png */; };
		769EBA481CE6E82D000A44EA /* AppDelegate.swift in Sources */ = {isa = PBXBuildFile; fileRef = 769EBA471CE6E82D000A44EA /* AppDelegate.swift */; };
		769EBA4A1CE6E82D000A44EA /* HomeViewController.swift in Sources */ = {isa = PBXBuildFile; fileRef = 769EBA491CE6E82D000A44EA /* HomeViewController.swift */; };
		769EBA4D1CE6E82D000A44EA /* Main.storyboard in Resources */ = {isa = PBXBuildFile; fileRef = 769EBA4B1CE6E82D000A44EA /* Main.storyboard */; };
		769EBA4F1CE6E82D000A44EA /* Assets.xcassets in Resources */ = {isa = PBXBuildFile; fileRef = 769EBA4E1CE6E82D000A44EA /* Assets.xcassets */; };
		769EBA521CE6E82D000A44EA /* LaunchScreen.storyboard in Resources */ = {isa = PBXBuildFile; fileRef = 769EBA501CE6E82D000A44EA /* LaunchScreen.storyboard */; };
		769EBA611CE708FC000A44EA /* HomeViewInit.swift in Sources */ = {isa = PBXBuildFile; fileRef = 769EBA601CE708FC000A44EA /* HomeViewInit.swift */; };
		769EBA631CE70D71000A44EA /* EXBFlowLayout.swift in Sources */ = {isa = PBXBuildFile; fileRef = 769EBA621CE70D71000A44EA /* EXBFlowLayout.swift */; };
		769EBA661CE70DED000A44EA /* EXBCollectionViewCell.swift in Sources */ = {isa = PBXBuildFile; fileRef = 769EBA641CE70DED000A44EA /* EXBCollectionViewCell.swift */; };
		769EBA671CE70DED000A44EA /* EXBCollectionViewCell.xib in Resources */ = {isa = PBXBuildFile; fileRef = 769EBA651CE70DED000A44EA /* EXBCollectionViewCell.xib */; };
		769EBA6A1CE7187A000A44EA /* HomeDelegateAndDataSource.swift in Sources */ = {isa = PBXBuildFile; fileRef = 769EBA691CE7187A000A44EA /* HomeDelegateAndDataSource.swift */; };
		76B27A251CFC7D2D00CC70E9 /* HomeTransitioningDelegate.swift in Sources */ = {isa = PBXBuildFile; fileRef = 76B27A241CFC7D2D00CC70E9 /* HomeTransitioningDelegate.swift */; };
		76B27A271CFC80A500CC70E9 /* ExBTransitionPop.swift in Sources */ = {isa = PBXBuildFile; fileRef = 76B27A261CFC80A500CC70E9 /* ExBTransitionPop.swift */; };
		76B27A291CFC80D100CC70E9 /* ExBTransitionPush.swift in Sources */ = {isa = PBXBuildFile; fileRef = 76B27A281CFC80D100CC70E9 /* ExBTransitionPush.swift */; };
		76B27A2D1CFC934600CC70E9 /* DetailTransitioningDelegate.swift in Sources */ = {isa = PBXBuildFile; fileRef = 76B27A2C1CFC934600CC70E9 /* DetailTransitioningDelegate.swift */; };
		76C69E811CFACF28000E952E /* WebViewController.swift in Sources */ = {isa = PBXBuildFile; fileRef = 76C69E801CFACF28000E952E /* WebViewController.swift */; };
		76C69E831CFADBB6000E952E /* ArtExB-Define.swift in Sources */ = {isa = PBXBuildFile; fileRef = 76C69E821CFADBB6000E952E /* ArtExB-Define.swift */; };
		76F1B2331CEA108E0018D408 /* HomeTextFieldDelegate.swift in Sources */ = {isa = PBXBuildFile; fileRef = 76F1B2321CEA108E0018D408 /* HomeTextFieldDelegate.swift */; };
		76F1B2351CEA147B0018D408 /* DetailTextFieldDelegate.swift in Sources */ = {isa = PBXBuildFile; fileRef = 76F1B2341CEA147B0018D408 /* DetailTextFieldDelegate.swift */; };
		76F1B2371CEA16680018D408 /* DetailViewInit.swift in Sources */ = {isa = PBXBuildFile; fileRef = 76F1B2361CEA16680018D408 /* DetailViewInit.swift */; };
		9C29CE29A81F34FA66F04F0C /* Pods_ArtExB.framework in Frameworks */ = {isa = PBXBuildFile; fileRef = B614C72FC11C262D06EEF4CB /* Pods_ArtExB.framework */; };
/* End PBXBuildFile section */

/* Begin PBXFileReference section */
		343B2AEB1D0AD2FF007C12ED /* libWeChatSDK.a */ = {isa = PBXFileReference; lastKnownFileType = archive.ar; path = libWeChatSDK.a; sourceTree = "<group>"; };
		343B2AEC1D0AD2FF007C12ED /* WXApi.h */ = {isa = PBXFileReference; fileEncoding = 4; lastKnownFileType = sourcecode.c.h; path = WXApi.h; sourceTree = "<group>"; };
		343B2AED1D0AD2FF007C12ED /* WXApiObject.h */ = {isa = PBXFileReference; fileEncoding = 4; lastKnownFileType = sourcecode.c.h; path = WXApiObject.h; sourceTree = "<group>"; };
		343B2AEE1D0AD2FF007C12ED /* WeChatActivityGeneral.swift */ = {isa = PBXFileReference; fileEncoding = 4; lastKnownFileType = sourcecode.swift; path = WeChatActivityGeneral.swift; sourceTree = "<group>"; };
		343B2AEF1D0AD2FF007C12ED /* WeChatMomentsActivity.swift */ = {isa = PBXFileReference; fileEncoding = 4; lastKnownFileType = sourcecode.swift; path = WeChatMomentsActivity.swift; sourceTree = "<group>"; };
		343B2AF01D0AD2FF007C12ED /* WeChatSessionActivity.swift */ = {isa = PBXFileReference; fileEncoding = 4; lastKnownFileType = sourcecode.swift; path = WeChatSessionActivity.swift; sourceTree = "<group>"; };
		343B2AF51D0AD39C007C12ED /* CoreGraphics.framework */ = {isa = PBXFileReference; lastKnownFileType = wrapper.framework; name = CoreGraphics.framework; path = System/Library/Frameworks/CoreGraphics.framework; sourceTree = SDKROOT; };
		343B2AF71D0AD3DC007C12ED /* ArtExB-Bridging-Header.h */ = {isa = PBXFileReference; lastKnownFileType = sourcecode.c.h; path = "ArtExB-Bridging-Header.h"; sourceTree = "<group>"; };
		343B305B1D0B28C9007251F8 /* data.geojson */ = {isa = PBXFileReference; lastKnownFileType = text; path = data.geojson; sourceTree = "<group>"; };
		51B54F3067D31D12983EF394 /* Pods-ArtExB.release.xcconfig */ = {isa = PBXFileReference; includeInIndex = 1; lastKnownFileType = text.xcconfig; name = "Pods-ArtExB.release.xcconfig"; path = "Pods/Target Support Files/Pods-ArtExB/Pods-ArtExB.release.xcconfig"; sourceTree = "<group>"; };
		764681CE1CE7270600E66ED0 /* EXBModel.swift */ = {isa = PBXFileReference; fileEncoding = 4; lastKnownFileType = sourcecode.swift; path = EXBModel.swift; sourceTree = "<group>"; };
		764681D01CE7636100E66ED0 /* EXBCellScrollDelegate.swift */ = {isa = PBXFileReference; fileEncoding = 4; lastKnownFileType = sourcecode.swift; path = EXBCellScrollDelegate.swift; sourceTree = "<group>"; };
		764681D31CE7800B00E66ED0 /* DetailViewController.swift */ = {isa = PBXFileReference; fileEncoding = 4; lastKnownFileType = sourcecode.swift; path = DetailViewController.swift; sourceTree = "<group>"; };
		76516D781D091C6E003CB40E /* zh-Hans */ = {isa = PBXFileReference; lastKnownFileType = text.plist.strings; name = "zh-Hans"; path = "zh-Hans.lproj/Main.strings"; sourceTree = "<group>"; };
		76516D791D091C6E003CB40E /* zh-Hans */ = {isa = PBXFileReference; lastKnownFileType = text.plist.strings; name = "zh-Hans"; path = "zh-Hans.lproj/LaunchScreen.strings"; sourceTree = "<group>"; };
		76516D7D1D091C8A003CB40E /* en */ = {isa = PBXFileReference; lastKnownFileType = text.plist.strings; name = en; path = en.lproj/Localizable.strings; sourceTree = "<group>"; };
		76516D7F1D091C8C003CB40E /* zh-Hans */ = {isa = PBXFileReference; lastKnownFileType = text.plist.strings; name = "zh-Hans"; path = "zh-Hans.lproj/Localizable.strings"; sourceTree = "<group>"; };
		76516D801D091EB1003CB40E /* Directions.geojson */ = {isa = PBXFileReference; lastKnownFileType = text; path = Directions.geojson; sourceTree = "<group>"; };
		76516D811D0923BA003CB40E /* 保利十年·现当代艺术秋季拍卖会.png */ = {isa = PBXFileReference; lastKnownFileType = image.png; path = "保利十年·现当代艺术秋季拍卖会.png"; sourceTree = "<group>"; };
		76516D821D0923BA003CB40E /* 瓯江草堂——海上画派精品展.png */ = {isa = PBXFileReference; lastKnownFileType = image.png; path = "瓯江草堂——海上画派精品展.png"; sourceTree = "<group>"; };
		76516D831D0923BA003CB40E /* 万物生——姥姥家与博斯的乐园.png */ = {isa = PBXFileReference; lastKnownFileType = image.png; path = "万物生——姥姥家与博斯的乐园.png"; sourceTree = "<group>"; };
		76516D841D0923BA003CB40E /* 幻真的宇宙——2013威尼斯钟飙艺术现场.png */ = {isa = PBXFileReference; lastKnownFileType = image.png; path = "幻真的宇宙——2013威尼斯钟飙艺术现场.png"; sourceTree = "<group>"; };
		76516D851D0923BA003CB40E /* 徐冰台北回顾展.png */ = {isa = PBXFileReference; lastKnownFileType = image.png; path = "徐冰台北回顾展.png"; sourceTree = "<group>"; };
		76516D861D0923BA003CB40E /* 杉本博司.png */ = {isa = PBXFileReference; lastKnownFileType = image.png; path = "杉本博司.png"; sourceTree = "<group>"; };
		76516D871D0923BA003CB40E /* 第二届《诗书画》年度展——西湖.png */ = {isa = PBXFileReference; lastKnownFileType = image.png; path = "第二届《诗书画》年度展——西湖.png"; sourceTree = "<group>"; };
		76516D881D0923BA003CB40E /* 自在途程——靳尚谊油画语言研究展.png */ = {isa = PBXFileReference; lastKnownFileType = image.png; path = "自在途程——靳尚谊油画语言研究展.png"; sourceTree = "<group>"; };
		76516D891D0923BA003CB40E /* 艾未未.png */ = {isa = PBXFileReference; lastKnownFileType = image.png; path = "艾未未.png"; sourceTree = "<group>"; };
		76516D8A1D0923BA003CB40E /* 道行之而成·潘公凯作品展.png */ = {isa = PBXFileReference; lastKnownFileType = image.png; path = "道行之而成·潘公凯作品展.png"; sourceTree = "<group>"; };
		769EBA441CE6E82D000A44EA /* ArtExB.app */ = {isa = PBXFileReference; explicitFileType = wrapper.application; includeInIndex = 0; path = ArtExB.app; sourceTree = BUILT_PRODUCTS_DIR; };
		769EBA471CE6E82D000A44EA /* AppDelegate.swift */ = {isa = PBXFileReference; lastKnownFileType = sourcecode.swift; path = AppDelegate.swift; sourceTree = "<group>"; };
		769EBA491CE6E82D000A44EA /* HomeViewController.swift */ = {isa = PBXFileReference; lastKnownFileType = sourcecode.swift; name = HomeViewController.swift; path = ../../ArtExB/HomeViewController.swift; sourceTree = "<group>"; };
		769EBA4C1CE6E82D000A44EA /* Base */ = {isa = PBXFileReference; lastKnownFileType = file.storyboard; name = Base; path = Base.lproj/Main.storyboard; sourceTree = "<group>"; };
		769EBA4E1CE6E82D000A44EA /* Assets.xcassets */ = {isa = PBXFileReference; lastKnownFileType = folder.assetcatalog; path = Assets.xcassets; sourceTree = "<group>"; };
		769EBA511CE6E82D000A44EA /* Base */ = {isa = PBXFileReference; lastKnownFileType = file.storyboard; name = Base; path = Base.lproj/LaunchScreen.storyboard; sourceTree = "<group>"; };
		769EBA531CE6E82D000A44EA /* Info.plist */ = {isa = PBXFileReference; lastKnownFileType = text.plist.xml; path = Info.plist; sourceTree = "<group>"; };
		769EBA601CE708FC000A44EA /* HomeViewInit.swift */ = {isa = PBXFileReference; fileEncoding = 4; lastKnownFileType = sourcecode.swift; path = HomeViewInit.swift; sourceTree = "<group>"; };
		769EBA621CE70D71000A44EA /* EXBFlowLayout.swift */ = {isa = PBXFileReference; fileEncoding = 4; lastKnownFileType = sourcecode.swift; path = EXBFlowLayout.swift; sourceTree = "<group>"; };
		769EBA641CE70DED000A44EA /* EXBCollectionViewCell.swift */ = {isa = PBXFileReference; fileEncoding = 4; lastKnownFileType = sourcecode.swift; path = EXBCollectionViewCell.swift; sourceTree = "<group>"; };
		769EBA651CE70DED000A44EA /* EXBCollectionViewCell.xib */ = {isa = PBXFileReference; fileEncoding = 4; lastKnownFileType = file.xib; path = EXBCollectionViewCell.xib; sourceTree = "<group>"; };
		769EBA691CE7187A000A44EA /* HomeDelegateAndDataSource.swift */ = {isa = PBXFileReference; fileEncoding = 4; lastKnownFileType = sourcecode.swift; path = HomeDelegateAndDataSource.swift; sourceTree = "<group>"; };
		76B27A241CFC7D2D00CC70E9 /* HomeTransitioningDelegate.swift */ = {isa = PBXFileReference; fileEncoding = 4; lastKnownFileType = sourcecode.swift; path = HomeTransitioningDelegate.swift; sourceTree = "<group>"; };
		76B27A261CFC80A500CC70E9 /* ExBTransitionPop.swift */ = {isa = PBXFileReference; fileEncoding = 4; lastKnownFileType = sourcecode.swift; path = ExBTransitionPop.swift; sourceTree = "<group>"; };
		76B27A281CFC80D100CC70E9 /* ExBTransitionPush.swift */ = {isa = PBXFileReference; fileEncoding = 4; lastKnownFileType = sourcecode.swift; path = ExBTransitionPush.swift; sourceTree = "<group>"; };
		76B27A2C1CFC934600CC70E9 /* DetailTransitioningDelegate.swift */ = {isa = PBXFileReference; fileEncoding = 4; lastKnownFileType = sourcecode.swift; path = DetailTransitioningDelegate.swift; sourceTree = "<group>"; };
		76C69E801CFACF28000E952E /* WebViewController.swift */ = {isa = PBXFileReference; fileEncoding = 4; lastKnownFileType = sourcecode.swift; path = WebViewController.swift; sourceTree = "<group>"; };
		76C69E821CFADBB6000E952E /* ArtExB-Define.swift */ = {isa = PBXFileReference; fileEncoding = 4; lastKnownFileType = sourcecode.swift; path = "ArtExB-Define.swift"; sourceTree = "<group>"; };
		76F1B2321CEA108E0018D408 /* HomeTextFieldDelegate.swift */ = {isa = PBXFileReference; fileEncoding = 4; lastKnownFileType = sourcecode.swift; path = HomeTextFieldDelegate.swift; sourceTree = "<group>"; };
		76F1B2341CEA147B0018D408 /* DetailTextFieldDelegate.swift */ = {isa = PBXFileReference; fileEncoding = 4; lastKnownFileType = sourcecode.swift; path = DetailTextFieldDelegate.swift; sourceTree = "<group>"; };
		76F1B2361CEA16680018D408 /* DetailViewInit.swift */ = {isa = PBXFileReference; fileEncoding = 4; lastKnownFileType = sourcecode.swift; path = DetailViewInit.swift; sourceTree = "<group>"; };
		A4C7EEF71E8D82A2A76949E9 /* Pods-ArtExB.debug.xcconfig */ = {isa = PBXFileReference; includeInIndex = 1; lastKnownFileType = text.xcconfig; name = "Pods-ArtExB.debug.xcconfig"; path = "Pods/Target Support Files/Pods-ArtExB/Pods-ArtExB.debug.xcconfig"; sourceTree = "<group>"; };
		B614C72FC11C262D06EEF4CB /* Pods_ArtExB.framework */ = {isa = PBXFileReference; explicitFileType = wrapper.framework; includeInIndex = 0; path = Pods_ArtExB.framework; sourceTree = BUILT_PRODUCTS_DIR; };
/* End PBXFileReference section */

/* Begin PBXFrameworksBuildPhase section */
		769EBA411CE6E82D000A44EA /* Frameworks */ = {
			isa = PBXFrameworksBuildPhase;
			buildActionMask = 2147483647;
			files = (
				343B2AF61D0AD39C007C12ED /* CoreGraphics.framework in Frameworks */,
				343B2AF11D0AD2FF007C12ED /* libWeChatSDK.a in Frameworks */,
				9C29CE29A81F34FA66F04F0C /* Pods_ArtExB.framework in Frameworks */,
			);
			runOnlyForDeploymentPostprocessing = 0;
		};
/* End PBXFrameworksBuildPhase section */

/* Begin PBXGroup section */
		343B2AE91D0AD2FF007C12ED /* WeChatSharing */ = {
			isa = PBXGroup;
			children = (
				343B2AEA1D0AD2FF007C12ED /* Resources */,
				343B2AEE1D0AD2FF007C12ED /* WeChatActivityGeneral.swift */,
				343B2AEF1D0AD2FF007C12ED /* WeChatMomentsActivity.swift */,
				343B2AF01D0AD2FF007C12ED /* WeChatSessionActivity.swift */,
			);
			path = WeChatSharing;
			sourceTree = "<group>";
		};
		343B2AEA1D0AD2FF007C12ED /* Resources */ = {
			isa = PBXGroup;
			children = (
				343B2AEB1D0AD2FF007C12ED /* libWeChatSDK.a */,
				343B2AEC1D0AD2FF007C12ED /* WXApi.h */,
				343B2AED1D0AD2FF007C12ED /* WXApiObject.h */,
			);
			path = Resources;
			sourceTree = "<group>";
		};
		4742E23F0D155B30D5C06219 /* Frameworks */ = {
			isa = PBXGroup;
			children = (
				343B2AF51D0AD39C007C12ED /* CoreGraphics.framework */,
				B614C72FC11C262D06EEF4CB /* Pods_ArtExB.framework */,
			);
			name = Frameworks;
			sourceTree = "<group>";
		};
		4891E2358478BD6376DA1D96 /* Pods */ = {
			isa = PBXGroup;
			children = (
				A4C7EEF71E8D82A2A76949E9 /* Pods-ArtExB.debug.xcconfig */,
				51B54F3067D31D12983EF394 /* Pods-ArtExB.release.xcconfig */,
			);
			name = Pods;
			sourceTree = "<group>";
		};
		764681D21CE77FEB00E66ED0 /* Detail */ = {
			isa = PBXGroup;
			children = (
				764681D31CE7800B00E66ED0 /* DetailViewController.swift */,
				76F1B2361CEA16680018D408 /* DetailViewInit.swift */,
				76F1B2341CEA147B0018D408 /* DetailTextFieldDelegate.swift */,
				76B27A2C1CFC934600CC70E9 /* DetailTransitioningDelegate.swift */,
			);
			name = Detail;
			sourceTree = "<group>";
		};
		769EBA3B1CE6E82D000A44EA = {
			isa = PBXGroup;
			children = (
				769EBA6B1CE71B53000A44EA /* Resource */,
				769EBA5F1CE6F4A9000A44EA /* Tools */,
				769EBA5E1CE6F49F000A44EA /* Service */,
				769EBA5D1CE6F486000A44EA /* Common */,
				769EBA591CE6F459000A44EA /* MVC */,
				769EBA461CE6E82D000A44EA /* ArtExB */,
				769EBA451CE6E82D000A44EA /* Products */,
				4891E2358478BD6376DA1D96 /* Pods */,
				4742E23F0D155B30D5C06219 /* Frameworks */,
			);
			sourceTree = "<group>";
		};
		769EBA451CE6E82D000A44EA /* Products */ = {
			isa = PBXGroup;
			children = (
				769EBA441CE6E82D000A44EA /* ArtExB.app */,
			);
			name = Products;
			sourceTree = "<group>";
		};
		769EBA461CE6E82D000A44EA /* ArtExB */ = {
			isa = PBXGroup;
			children = (
				769EBA471CE6E82D000A44EA /* AppDelegate.swift */,
				769EBA4B1CE6E82D000A44EA /* Main.storyboard */,
				769EBA4E1CE6E82D000A44EA /* Assets.xcassets */,
				769EBA501CE6E82D000A44EA /* LaunchScreen.storyboard */,
				769EBA531CE6E82D000A44EA /* Info.plist */,
				76516D7E1D091C8A003CB40E /* Localizable.strings */,
				343B2AF71D0AD3DC007C12ED /* ArtExB-Bridging-Header.h */,
			);
			path = ArtExB;
			sourceTree = "<group>";
		};
		769EBA591CE6F459000A44EA /* MVC */ = {
			isa = PBXGroup;
			children = (
				769EBA5A1CE6F46F000A44EA /* Controller */,
				769EBA5B1CE6F46F000A44EA /* Model */,
				769EBA5C1CE6F46F000A44EA /* View */,
			);
			path = MVC;
			sourceTree = "<group>";
		};
		769EBA5A1CE6F46F000A44EA /* Controller */ = {
			isa = PBXGroup;
			children = (
				76C69E7F1CFACEF8000E952E /* Web */,
				764681D21CE77FEB00E66ED0 /* Detail */,
				769EBA681CE71851000A44EA /* Home */,
			);
			path = Controller;
			sourceTree = "<group>";
		};
		769EBA5B1CE6F46F000A44EA /* Model */ = {
			isa = PBXGroup;
			children = (
				764681CE1CE7270600E66ED0 /* EXBModel.swift */,
			);
			path = Model;
			sourceTree = "<group>";
		};
		769EBA5C1CE6F46F000A44EA /* View */ = {
			isa = PBXGroup;
			children = (
				769EBA641CE70DED000A44EA /* EXBCollectionViewCell.swift */,
				769EBA651CE70DED000A44EA /* EXBCollectionViewCell.xib */,
				764681D01CE7636100E66ED0 /* EXBCellScrollDelegate.swift */,
			);
			path = View;
			sourceTree = "<group>";
		};
		769EBA5D1CE6F486000A44EA /* Common */ = {
			isa = PBXGroup;
			children = (
				769EBA621CE70D71000A44EA /* EXBFlowLayout.swift */,
				76C69E821CFADBB6000E952E /* ArtExB-Define.swift */,
				76B27A281CFC80D100CC70E9 /* ExBTransitionPush.swift */,
				76B27A261CFC80A500CC70E9 /* ExBTransitionPop.swift */,
			);
			path = Common;
			sourceTree = "<group>";
		};
		769EBA5E1CE6F49F000A44EA /* Service */ = {
			isa = PBXGroup;
			children = (
			);
			path = Service;
			sourceTree = "<group>";
		};
		769EBA5F1CE6F4A9000A44EA /* Tools */ = {
			isa = PBXGroup;
			children = (
			);
			path = Tools;
			sourceTree = "<group>";
		};
		769EBA681CE71851000A44EA /* Home */ = {
			isa = PBXGroup;
			children = (
				769EBA491CE6E82D000A44EA /* HomeViewController.swift */,
				769EBA601CE708FC000A44EA /* HomeViewInit.swift */,
				769EBA691CE7187A000A44EA /* HomeDelegateAndDataSource.swift */,
				76F1B2321CEA108E0018D408 /* HomeTextFieldDelegate.swift */,
				76B27A241CFC7D2D00CC70E9 /* HomeTransitioningDelegate.swift */,
			);
			name = Home;
			sourceTree = "<group>";
		};
		769EBA6B1CE71B53000A44EA /* Resource */ = {
			isa = PBXGroup;
			children = (
				343B2AE91D0AD2FF007C12ED /* WeChatSharing */,
				76516D811D0923BA003CB40E /* 保利十年·现当代艺术秋季拍卖会.png */,
				76516D821D0923BA003CB40E /* 瓯江草堂——海上画派精品展.png */,
				76516D831D0923BA003CB40E /* 万物生——姥姥家与博斯的乐园.png */,
				76516D841D0923BA003CB40E /* 幻真的宇宙——2013威尼斯钟飙艺术现场.png */,
				76516D851D0923BA003CB40E /* 徐冰台北回顾展.png */,
				76516D861D0923BA003CB40E /* 杉本博司.png */,
				76516D871D0923BA003CB40E /* 第二届《诗书画》年度展——西湖.png */,
				76516D881D0923BA003CB40E /* 自在途程——靳尚谊油画语言研究展.png */,
				76516D891D0923BA003CB40E /* 艾未未.png */,
				76516D8A1D0923BA003CB40E /* 道行之而成·潘公凯作品展.png */,
				76516D801D091EB1003CB40E /* Directions.geojson */,
				343B305B1D0B28C9007251F8 /* data.geojson */,
			);
			path = Resource;
			sourceTree = "<group>";
		};
		76C69E7F1CFACEF8000E952E /* Web */ = {
			isa = PBXGroup;
			children = (
				76C69E801CFACF28000E952E /* WebViewController.swift */,
			);
			name = Web;
			sourceTree = "<group>";
		};
/* End PBXGroup section */

/* Begin PBXNativeTarget section */
		769EBA431CE6E82D000A44EA /* ArtExB */ = {
			isa = PBXNativeTarget;
			buildConfigurationList = 769EBA561CE6E82D000A44EA /* Build configuration list for PBXNativeTarget "ArtExB" */;
			buildPhases = (
				DFBB5335101DA1203F9A21D4 /* Check Pods Manifest.lock */,
				769EBA401CE6E82D000A44EA /* Sources */,
				769EBA411CE6E82D000A44EA /* Frameworks */,
				769EBA421CE6E82D000A44EA /* Resources */,
				400886881657E13C4C15C96B /* Embed Pods Frameworks */,
				004D26DE2FB4C5D80E29FCCF /* Copy Pods Resources */,
			);
			buildRules = (
			);
			dependencies = (
			);
			name = ArtExB;
			productName = ArtExB;
			productReference = 769EBA441CE6E82D000A44EA /* ArtExB.app */;
			productType = "com.apple.product-type.application";
		};
/* End PBXNativeTarget section */

/* Begin PBXProject section */
		769EBA3C1CE6E82D000A44EA /* Project object */ = {
			isa = PBXProject;
			attributes = {
				LastSwiftUpdateCheck = 0730;
				LastUpgradeCheck = 0730;
				ORGANIZATIONNAME = "Xin Qin";
				TargetAttributes = {
					769EBA431CE6E82D000A44EA = {
						CreatedOnToolsVersion = 7.3.1;
						DevelopmentTeam = 6T7YE3W6XN;
					};
				};
			};
			buildConfigurationList = 769EBA3F1CE6E82D000A44EA /* Build configuration list for PBXProject "ArtExB" */;
			compatibilityVersion = "Xcode 3.2";
			developmentRegion = English;
			hasScannedForEncodings = 0;
			knownRegions = (
				en,
				Base,
				"zh-Hans",
			);
			mainGroup = 769EBA3B1CE6E82D000A44EA;
			productRefGroup = 769EBA451CE6E82D000A44EA /* Products */;
			projectDirPath = "";
			projectRoot = "";
			targets = (
				769EBA431CE6E82D000A44EA /* ArtExB */,
			);
		};
/* End PBXProject section */

/* Begin PBXResourcesBuildPhase section */
		769EBA421CE6E82D000A44EA /* Resources */ = {
			isa = PBXResourcesBuildPhase;
			buildActionMask = 2147483647;
			files = (
				76516D8C1D0923BA003CB40E /* 瓯江草堂——海上画派精品展.png in Resources */,
				76516D911D0923BA003CB40E /* 第二届《诗书画》年度展——西湖.png in Resources */,
				76516D8B1D0923BA003CB40E /* 保利十年·现当代艺术秋季拍卖会.png in Resources */,
				76516D901D0923BA003CB40E /* 杉本博司.png in Resources */,
				76516D8F1D0923BA003CB40E /* 徐冰台北回顾展.png in Resources */,
				76516D7C1D091C8A003CB40E /* Localizable.strings in Resources */,
				769EBA671CE70DED000A44EA /* EXBCollectionViewCell.xib in Resources */,
				76516D8D1D0923BA003CB40E /* 万物生——姥姥家与博斯的乐园.png in Resources */,
				76516D931D0923BA003CB40E /* 艾未未.png in Resources */,
				76516D941D0923BA003CB40E /* 道行之而成·潘公凯作品展.png in Resources */,
				769EBA521CE6E82D000A44EA /* LaunchScreen.storyboard in Resources */,
				76516D8E1D0923BA003CB40E /* 幻真的宇宙——2013威尼斯钟飙艺术现场.png in Resources */,
				769EBA4F1CE6E82D000A44EA /* Assets.xcassets in Resources */,
				76516D921D0923BA003CB40E /* 自在途程——靳尚谊油画语言研究展.png in Resources */,
				769EBA4D1CE6E82D000A44EA /* Main.storyboard in Resources */,
			);
			runOnlyForDeploymentPostprocessing = 0;
		};
/* End PBXResourcesBuildPhase section */

/* Begin PBXShellScriptBuildPhase section */
		004D26DE2FB4C5D80E29FCCF /* Copy Pods Resources */ = {
			isa = PBXShellScriptBuildPhase;
			buildActionMask = 2147483647;
			files = (
			);
			inputPaths = (
			);
			name = "Copy Pods Resources";
			outputPaths = (
			);
			runOnlyForDeploymentPostprocessing = 0;
			shellPath = /bin/sh;
			shellScript = "\"${SRCROOT}/Pods/Target Support Files/Pods-ArtExB/Pods-ArtExB-resources.sh\"\n";
			showEnvVarsInLog = 0;
		};
		400886881657E13C4C15C96B /* Embed Pods Frameworks */ = {
			isa = PBXShellScriptBuildPhase;
			buildActionMask = 2147483647;
			files = (
			);
			inputPaths = (
			);
			name = "Embed Pods Frameworks";
			outputPaths = (
			);
			runOnlyForDeploymentPostprocessing = 0;
			shellPath = /bin/sh;
			shellScript = "\"${SRCROOT}/Pods/Target Support Files/Pods-ArtExB/Pods-ArtExB-frameworks.sh\"\n";
			showEnvVarsInLog = 0;
		};
		DFBB5335101DA1203F9A21D4 /* Check Pods Manifest.lock */ = {
			isa = PBXShellScriptBuildPhase;
			buildActionMask = 2147483647;
			files = (
			);
			inputPaths = (
			);
			name = "Check Pods Manifest.lock";
			outputPaths = (
			);
			runOnlyForDeploymentPostprocessing = 0;
			shellPath = /bin/sh;
			shellScript = "diff \"${PODS_ROOT}/../Podfile.lock\" \"${PODS_ROOT}/Manifest.lock\" > /dev/null\nif [[ $? != 0 ]] ; then\n    cat << EOM\nerror: The sandbox is not in sync with the Podfile.lock. Run 'pod install' or update your CocoaPods installation.\nEOM\n    exit 1\nfi\n";
			showEnvVarsInLog = 0;
		};
/* End PBXShellScriptBuildPhase section */

/* Begin PBXSourcesBuildPhase section */
		769EBA401CE6E82D000A44EA /* Sources */ = {
			isa = PBXSourcesBuildPhase;
			buildActionMask = 2147483647;
			files = (
				76B27A271CFC80A500CC70E9 /* ExBTransitionPop.swift in Sources */,
				76B27A2D1CFC934600CC70E9 /* DetailTransitioningDelegate.swift in Sources */,
				764681D41CE7800B00E66ED0 /* DetailViewController.swift in Sources */,
				343B2AF21D0AD2FF007C12ED /* WeChatActivityGeneral.swift in Sources */,
				764681CF1CE7270600E66ED0 /* EXBModel.swift in Sources */,
				76C69E831CFADBB6000E952E /* ArtExB-Define.swift in Sources */,
				343B2AF31D0AD2FF007C12ED /* WeChatMomentsActivity.swift in Sources */,
				769EBA4A1CE6E82D000A44EA /* HomeViewController.swift in Sources */,
				769EBA611CE708FC000A44EA /* HomeViewInit.swift in Sources */,
				769EBA481CE6E82D000A44EA /* AppDelegate.swift in Sources */,
				76B27A251CFC7D2D00CC70E9 /* HomeTransitioningDelegate.swift in Sources */,
				76F1B2371CEA16680018D408 /* DetailViewInit.swift in Sources */,
				769EBA6A1CE7187A000A44EA /* HomeDelegateAndDataSource.swift in Sources */,
				769EBA661CE70DED000A44EA /* EXBCollectionViewCell.swift in Sources */,
				769EBA631CE70D71000A44EA /* EXBFlowLayout.swift in Sources */,
				76F1B2351CEA147B0018D408 /* DetailTextFieldDelegate.swift in Sources */,
				764681D11CE7636100E66ED0 /* EXBCellScrollDelegate.swift in Sources */,
				76B27A291CFC80D100CC70E9 /* ExBTransitionPush.swift in Sources */,
				76C69E811CFACF28000E952E /* WebViewController.swift in Sources */,
				76F1B2331CEA108E0018D408 /* HomeTextFieldDelegate.swift in Sources */,
				343B2AF41D0AD2FF007C12ED /* WeChatSessionActivity.swift in Sources */,
			);
			runOnlyForDeploymentPostprocessing = 0;
		};
/* End PBXSourcesBuildPhase section */

/* Begin PBXVariantGroup section */
		76516D7E1D091C8A003CB40E /* Localizable.strings */ = {
			isa = PBXVariantGroup;
			children = (
				76516D7D1D091C8A003CB40E /* en */,
				76516D7F1D091C8C003CB40E /* zh-Hans */,
			);
			name = Localizable.strings;
			sourceTree = "<group>";
		};
		769EBA4B1CE6E82D000A44EA /* Main.storyboard */ = {
			isa = PBXVariantGroup;
			children = (
				769EBA4C1CE6E82D000A44EA /* Base */,
				76516D781D091C6E003CB40E /* zh-Hans */,
			);
			name = Main.storyboard;
			sourceTree = "<group>";
		};
		769EBA501CE6E82D000A44EA /* LaunchScreen.storyboard */ = {
			isa = PBXVariantGroup;
			children = (
				769EBA511CE6E82D000A44EA /* Base */,
				76516D791D091C6E003CB40E /* zh-Hans */,
			);
			name = LaunchScreen.storyboard;
			sourceTree = "<group>";
		};
/* End PBXVariantGroup section */

/* Begin XCBuildConfiguration section */
		769EBA541CE6E82D000A44EA /* Debug */ = {
			isa = XCBuildConfiguration;
			buildSettings = {
				ALWAYS_SEARCH_USER_PATHS = NO;
				CLANG_ANALYZER_NONNULL = YES;
				CLANG_CXX_LANGUAGE_STANDARD = "gnu++0x";
				CLANG_CXX_LIBRARY = "libc++";
				CLANG_ENABLE_MODULES = YES;
				CLANG_ENABLE_OBJC_ARC = YES;
				CLANG_WARN_BOOL_CONVERSION = YES;
				CLANG_WARN_CONSTANT_CONVERSION = YES;
				CLANG_WARN_DIRECT_OBJC_ISA_USAGE = YES_ERROR;
				CLANG_WARN_EMPTY_BODY = YES;
				CLANG_WARN_ENUM_CONVERSION = YES;
				CLANG_WARN_INT_CONVERSION = YES;
				CLANG_WARN_OBJC_ROOT_CLASS = YES_ERROR;
				CLANG_WARN_UNREACHABLE_CODE = YES;
				CLANG_WARN__DUPLICATE_METHOD_MATCH = YES;
				"CODE_SIGN_IDENTITY[sdk=iphoneos*]" = "iPhone Developer";
				COPY_PHASE_STRIP = NO;
				DEBUG_INFORMATION_FORMAT = dwarf;
				ENABLE_STRICT_OBJC_MSGSEND = YES;
				ENABLE_TESTABILITY = YES;
				GCC_C_LANGUAGE_STANDARD = gnu99;
				GCC_DYNAMIC_NO_PIC = NO;
				GCC_NO_COMMON_BLOCKS = YES;
				GCC_OPTIMIZATION_LEVEL = 0;
				GCC_PREPROCESSOR_DEFINITIONS = (
					"DEBUG=1",
					"$(inherited)",
				);
				GCC_WARN_64_TO_32_BIT_CONVERSION = YES;
				GCC_WARN_ABOUT_RETURN_TYPE = YES_ERROR;
				GCC_WARN_UNDECLARED_SELECTOR = YES;
				GCC_WARN_UNINITIALIZED_AUTOS = YES_AGGRESSIVE;
				GCC_WARN_UNUSED_FUNCTION = YES;
				GCC_WARN_UNUSED_VARIABLE = YES;
				IPHONEOS_DEPLOYMENT_TARGET = 9.3;
				MTL_ENABLE_DEBUG_INFO = YES;
				ONLY_ACTIVE_ARCH = YES;
				SDKROOT = iphoneos;
				SWIFT_OPTIMIZATION_LEVEL = "-Onone";
			};
			name = Debug;
		};
		769EBA551CE6E82D000A44EA /* Release */ = {
			isa = XCBuildConfiguration;
			buildSettings = {
				ALWAYS_SEARCH_USER_PATHS = NO;
				CLANG_ANALYZER_NONNULL = YES;
				CLANG_CXX_LANGUAGE_STANDARD = "gnu++0x";
				CLANG_CXX_LIBRARY = "libc++";
				CLANG_ENABLE_MODULES = YES;
				CLANG_ENABLE_OBJC_ARC = YES;
				CLANG_WARN_BOOL_CONVERSION = YES;
				CLANG_WARN_CONSTANT_CONVERSION = YES;
				CLANG_WARN_DIRECT_OBJC_ISA_USAGE = YES_ERROR;
				CLANG_WARN_EMPTY_BODY = YES;
				CLANG_WARN_ENUM_CONVERSION = YES;
				CLANG_WARN_INT_CONVERSION = YES;
				CLANG_WARN_OBJC_ROOT_CLASS = YES_ERROR;
				CLANG_WARN_UNREACHABLE_CODE = YES;
				CLANG_WARN__DUPLICATE_METHOD_MATCH = YES;
				"CODE_SIGN_IDENTITY[sdk=iphoneos*]" = "iPhone Developer";
				COPY_PHASE_STRIP = NO;
				DEBUG_INFORMATION_FORMAT = "dwarf-with-dsym";
				ENABLE_NS_ASSERTIONS = NO;
				ENABLE_STRICT_OBJC_MSGSEND = YES;
				GCC_C_LANGUAGE_STANDARD = gnu99;
				GCC_NO_COMMON_BLOCKS = YES;
				GCC_WARN_64_TO_32_BIT_CONVERSION = YES;
				GCC_WARN_ABOUT_RETURN_TYPE = YES_ERROR;
				GCC_WARN_UNDECLARED_SELECTOR = YES;
				GCC_WARN_UNINITIALIZED_AUTOS = YES_AGGRESSIVE;
				GCC_WARN_UNUSED_FUNCTION = YES;
				GCC_WARN_UNUSED_VARIABLE = YES;
				IPHONEOS_DEPLOYMENT_TARGET = 9.3;
				MTL_ENABLE_DEBUG_INFO = NO;
				SDKROOT = iphoneos;
				VALIDATE_PRODUCT = YES;
			};
			name = Release;
		};
		769EBA571CE6E82D000A44EA /* Debug */ = {
			isa = XCBuildConfiguration;
			baseConfigurationReference = A4C7EEF71E8D82A2A76949E9 /* Pods-ArtExB.debug.xcconfig */;
			buildSettings = {
				ASSETCATALOG_COMPILER_APPICON_NAME = AppIcon;
				CLANG_ENABLE_MODULES = YES;
				CODE_SIGN_IDENTITY = "iPhone Distribution: Longping Zhao (6T7YE3W6XN)";
				ENABLE_BITCODE = NO;
				GCC_PREFIX_HEADER = "";
				INFOPLIST_FILE = ArtExB/Info.plist;
				IPHONEOS_DEPLOYMENT_TARGET = 8.0;
				LD_RUNPATH_SEARCH_PATHS = "$(inherited) @executable_path/Frameworks";
				LIBRARY_SEARCH_PATHS = "$(PROJECT_DIR)/Resource/WeChatSharing/Resources";
				OTHER_LDFLAGS = (
					"$(inherited)",
					"-framework",
					"\"CoreData\"",
					"-framework",
					"\"CoreGraphics\"",
					"-framework",
					"\"MobileCoreServices\"",
					"-framework",
					"\"SnapKit\"",
					"-framework",
					"\"Social\"",
					"-framework",
					"\"SystemConfiguration\"",
				);
				PRODUCT_BUNDLE_IDENTIFIER = me.qinxin.ArtExB;
				PRODUCT_NAME = "$(TARGET_NAME)";
				PROVISIONING_PROFILE = "bc169b4f-2a62-420e-86e0-2c3942137101";
				SWIFT_OBJC_BRIDGING_HEADER = "ArtExB/ArtExB-Bridging-Header.h";
				SWIFT_OPTIMIZATION_LEVEL = "-Onone";
			};
			name = Debug;
		};
		769EBA581CE6E82D000A44EA /* Release */ = {
			isa = XCBuildConfiguration;
			baseConfigurationReference = 51B54F3067D31D12983EF394 /* Pods-ArtExB.release.xcconfig */;
			buildSettings = {
				ASSETCATALOG_COMPILER_APPICON_NAME = AppIcon;
				CLANG_ENABLE_MODULES = YES;
				CODE_SIGN_IDENTITY = "iPhone Distribution: Longping Zhao (6T7YE3W6XN)";
				ENABLE_BITCODE = NO;
				GCC_PREFIX_HEADER = "";
				INFOPLIST_FILE = ArtExB/Info.plist;
				IPHONEOS_DEPLOYMENT_TARGET = 8.0;
				LD_RUNPATH_SEARCH_PATHS = "$(inherited) @executable_path/Frameworks";
				LIBRARY_SEARCH_PATHS = "$(PROJECT_DIR)/Resource/WeChatSharing/Resources";
				OTHER_LDFLAGS = (
					"$(inherited)",
					"-framework",
					"\"CoreData\"",
					"-framework",
					"\"CoreGraphics\"",
					"-framework",
					"\"MobileCoreServices\"",
					"-framework",
					"\"SnapKit\"",
					"-framework",
					"\"Social\"",
					"-framework",
					"\"SystemConfiguration\"",
				);
				PRODUCT_BUNDLE_IDENTIFIER = me.qinxin.ArtExB;
				PRODUCT_NAME = "$(TARGET_NAME)";
				PROVISIONING_PROFILE = "bc169b4f-2a62-420e-86e0-2c3942137101";
				SWIFT_OBJC_BRIDGING_HEADER = "ArtExB/ArtExB-Bridging-Header.h";
			};
			name = Release;
		};
/* End XCBuildConfiguration section */

/* Begin XCConfigurationList section */
		769EBA3F1CE6E82D000A44EA /* Build configuration list for PBXProject "ArtExB" */ = {
			isa = XCConfigurationList;
			buildConfigurations = (
				769EBA541CE6E82D000A44EA /* Debug */,
				769EBA551CE6E82D000A44EA /* Release */,
			);
			defaultConfigurationIsVisible = 0;
			defaultConfigurationName = Release;
		};
		769EBA561CE6E82D000A44EA /* Build configuration list for PBXNativeTarget "ArtExB" */ = {
			isa = XCConfigurationList;
			buildConfigurations = (
				769EBA571CE6E82D000A44EA /* Debug */,
				769EBA581CE6E82D000A44EA /* Release */,
			);
			defaultConfigurationIsVisible = 0;
			defaultConfigurationName = Release;
		};
/* End XCConfigurationList section */
	};
	rootObject = 769EBA3C1CE6E82D000A44EA /* Project object */;
}
